<?xml version="1.0" encoding="utf-8"?>
<Project ToolsVersion="4.0" xmlns="http://schemas.microsoft.com/developer/msbuild/2003">
  <ItemGroup>
    <Filter Include="Source Files">
      <UniqueIdentifier>{4FC737F1-C7A5-4376-A066-2A32D752A2FF}</UniqueIdentifier>
      <Extensions>cpp;c;cc;cxx;c++;cppm;ixx;def;odl;idl;hpj;bat;asm;asmx</Extensions>
    </Filter>
    <Filter Include="Header Files">
      <UniqueIdentifier>{93995380-89BD-4b04-88EB-625FBE52EBFB}</UniqueIdentifier>
      <Extensions>h;hh;hpp;hxx;h++;hm;inl;inc;ipp;xsd</Extensions>
    </Filter>
    <Filter Include="Resource Files">
      <UniqueIdentifier>{67DA6AB6-F800-4c08-8B7A-83BB121AAD01}</UniqueIdentifier>
      <Extensions>rc;ico;cur;bmp;dlg;rc2;rct;bin;rgs;gif;jpg;jpeg;jpe;resx;tiff;tif;png;wav;mfcribbon-ms</Extensions>
    </Filter>
  </ItemGroup>
  <ItemGroup>
    <ClCompile Include="Triangle.cpp">
      <Filter>Source Files</Filter>
    </ClCompile>
    <ClCompile Include="main.cpp">
      <Filter>Source Files</Filter>
    </ClCompile>
    <ClCompile Include="Same.cpp">
      <Filter>Source Files</Filter>
    </ClCompile>
    <ClCompile Include="CreatePhoneNumber.cpp">
      <Filter>Source Files</Filter>
    </ClCompile>
    <ClCompile Include="DisemvowelTrolls.cpp">
      <Filter>Source Files</Filter>
    </ClCompile>
    <ClCompile Include="Testing123.cpp">
      <Filter>Source Files</Filter>
    </ClCompile>
    <ClCompile Include="WhoLikesIt.cpp">
      <Filter>Source Files</Filter>
    </ClCompile>
    <ClCompile Include="FindOutlier.cpp">
      <Filter>Source Files</Filter>
    </ClCompile>
    <ClCompile Include="FindMissingTermInArtithmeticProgression.cpp">
      <Filter>Source Files</Filter>
    </ClCompile>
    <ClCompile Include="MovingZeroesToTheEnd.cpp">
      <Filter>Source Files</Filter>
    </ClCompile>
    <ClCompile Include="PickPeaks.cpp">
      <Filter>Source Files</Filter>
    </ClCompile>
    <ClCompile Include="DoesMyNumberLookBigInThis.cpp">
      <Filter>Source Files</Filter>
    </ClCompile>
  </ItemGroup>
  <ItemGroup>
    <ClInclude Include="Triangle.h">
      <Filter>Header Files</Filter>
    </ClInclude>
    <ClInclude Include="Same.h">
      <Filter>Header Files</Filter>
    </ClInclude>
    <ClInclude Include="CreatePhoneNumber.h">
      <Filter>Header Files</Filter>
    </ClInclude>
    <ClInclude Include="DisemvowelTrolls.h">
      <Filter>Header Files</Filter>
    </ClInclude>
    <ClInclude Include="Testing123.h">
      <Filter>Header Files</Filter>
    </ClInclude>
    <ClInclude Include="WhoLikesIt.h">
      <Filter>Header Files</Filter>
    </ClInclude>
    <ClInclude Include="FindOutlier.h">
      <Filter>Header Files</Filter>
    </ClInclude>
    <ClInclude Include="FindMissingTermInArithmeticProgression.h">
      <Filter>Header Files</Filter>
    </ClInclude>
    <ClInclude Include="MovingZeroesToTheEnd.h">
      <Filter>Header Files</Filter>
    </ClInclude>
    <ClInclude Include="PickPeaks.h">
      <Filter>Header Files</Filter>
    </ClInclude>
    <ClInclude Include="DoesMyNumberLookBigInThis.h">
      <Filter>Header Files</Filter>
    </ClInclude>
  </ItemGroup>
</Project>